// !$*UTF8*$!
{
	archiveVersion = 1;
	classes = {
	};
	objectVersion = 51;
	objects = {

/* Begin PBXBuildFile section */
		0702C751238B2557F5074F71 /* Pods_ParstagramTests.framework in Frameworks */ = {isa = PBXBuildFile; fileRef = C7F4CE17BC6C3C651392F3FD /* Pods_ParstagramTests.framework */; };
		0721E78825440863009CBDFA /* CameraViewController.swift in Sources */ = {isa = PBXBuildFile; fileRef = 0721E78725440863009CBDFA /* CameraViewController.swift */; };
		0721E79825441592009CBDFA /* PostCell.swift in Sources */ = {isa = PBXBuildFile; fileRef = 0721E79725441592009CBDFA /* PostCell.swift */; };
		078EDDF525440052000462E2 /* AppDelegate.swift in Sources */ = {isa = PBXBuildFile; fileRef = 078EDDF425440052000462E2 /* AppDelegate.swift */; };
		078EDDF725440052000462E2 /* SceneDelegate.swift in Sources */ = {isa = PBXBuildFile; fileRef = 078EDDF625440052000462E2 /* SceneDelegate.swift */; };
		078EDDFC25440052000462E2 /* Main.storyboard in Resources */ = {isa = PBXBuildFile; fileRef = 078EDDFA25440052000462E2 /* Main.storyboard */; };
		078EDDFE25440053000462E2 /* Assets.xcassets in Resources */ = {isa = PBXBuildFile; fileRef = 078EDDFD25440053000462E2 /* Assets.xcassets */; };
		078EDE0125440053000462E2 /* LaunchScreen.storyboard in Resources */ = {isa = PBXBuildFile; fileRef = 078EDDFF25440053000462E2 /* LaunchScreen.storyboard */; };
		078EDE0C25440053000462E2 /* ParstagramTests.swift in Sources */ = {isa = PBXBuildFile; fileRef = 078EDE0B25440053000462E2 /* ParstagramTests.swift */; };
		078EDE1725440053000462E2 /* ParstagramUITests.swift in Sources */ = {isa = PBXBuildFile; fileRef = 078EDE1625440053000462E2 /* ParstagramUITests.swift */; };
		07964D8B254402D60071B4DF /* LoginViewController.swift in Sources */ = {isa = PBXBuildFile; fileRef = 07964D8A254402D60071B4DF /* LoginViewController.swift */; };
		07964D93254402E70071B4DF /* FeedViewController.swift in Sources */ = {isa = PBXBuildFile; fileRef = 07964D92254402E70071B4DF /* FeedViewController.swift */; };
		95E19FFDB94662C5B5638F71 /* Pods_Parstagram_ParstagramUITests.framework in Frameworks */ = {isa = PBXBuildFile; fileRef = C45727A10B1CF3813FA73383 /* Pods_Parstagram_ParstagramUITests.framework */; };
		F71433FBD50AFD1CAAA27F45 /* Pods_Parstagram.framework in Frameworks */ = {isa = PBXBuildFile; fileRef = 7A60556825AD56F86BC3F801 /* Pods_Parstagram.framework */; };
/* End PBXBuildFile section */

/* Begin PBXContainerItemProxy section */
		078EDE0825440053000462E2 /* PBXContainerItemProxy */ = {
			isa = PBXContainerItemProxy;
			containerPortal = 078EDDE925440052000462E2 /* Project object */;
			proxyType = 1;
			remoteGlobalIDString = 078EDDF025440052000462E2;
			remoteInfo = Parstagram;
		};
		078EDE1325440053000462E2 /* PBXContainerItemProxy */ = {
			isa = PBXContainerItemProxy;
			containerPortal = 078EDDE925440052000462E2 /* Project object */;
			proxyType = 1;
			remoteGlobalIDString = 078EDDF025440052000462E2;
			remoteInfo = Parstagram;
		};
/* End PBXContainerItemProxy section */

/* Begin PBXFileReference section */
		0721E78725440863009CBDFA /* CameraViewController.swift */ = {isa = PBXFileReference; lastKnownFileType = sourcecode.swift; path = CameraViewController.swift; sourceTree = "<group>"; };
		0721E79725441592009CBDFA /* PostCell.swift */ = {isa = PBXFileReference; lastKnownFileType = sourcecode.swift; path = PostCell.swift; sourceTree = "<group>"; };
		078EDDF125440052000462E2 /* Parstagram.app */ = {isa = PBXFileReference; explicitFileType = wrapper.application; includeInIndex = 0; path = Parstagram.app; sourceTree = BUILT_PRODUCTS_DIR; };
		078EDDF425440052000462E2 /* AppDelegate.swift */ = {isa = PBXFileReference; lastKnownFileType = sourcecode.swift; path = AppDelegate.swift; sourceTree = "<group>"; };
		078EDDF625440052000462E2 /* SceneDelegate.swift */ = {isa = PBXFileReference; lastKnownFileType = sourcecode.swift; path = SceneDelegate.swift; sourceTree = "<group>"; };
		078EDDFB25440052000462E2 /* Base */ = {isa = PBXFileReference; lastKnownFileType = file.storyboard; name = Base; path = Base.lproj/Main.storyboard; sourceTree = "<group>"; };
		078EDDFD25440053000462E2 /* Assets.xcassets */ = {isa = PBXFileReference; lastKnownFileType = folder.assetcatalog; path = Assets.xcassets; sourceTree = "<group>"; };
		078EDE0025440053000462E2 /* Base */ = {isa = PBXFileReference; lastKnownFileType = file.storyboard; name = Base; path = Base.lproj/LaunchScreen.storyboard; sourceTree = "<group>"; };
		078EDE0225440053000462E2 /* Info.plist */ = {isa = PBXFileReference; lastKnownFileType = text.plist.xml; path = Info.plist; sourceTree = "<group>"; };
		078EDE0725440053000462E2 /* ParstagramTests.xctest */ = {isa = PBXFileReference; explicitFileType = wrapper.cfbundle; includeInIndex = 0; path = ParstagramTests.xctest; sourceTree = BUILT_PRODUCTS_DIR; };
		078EDE0B25440053000462E2 /* ParstagramTests.swift */ = {isa = PBXFileReference; lastKnownFileType = sourcecode.swift; path = ParstagramTests.swift; sourceTree = "<group>"; };
		078EDE0D25440053000462E2 /* Info.plist */ = {isa = PBXFileReference; lastKnownFileType = text.plist.xml; path = Info.plist; sourceTree = "<group>"; };
		078EDE1225440053000462E2 /* ParstagramUITests.xctest */ = {isa = PBXFileReference; explicitFileType = wrapper.cfbundle; includeInIndex = 0; path = ParstagramUITests.xctest; sourceTree = BUILT_PRODUCTS_DIR; };
		078EDE1625440053000462E2 /* ParstagramUITests.swift */ = {isa = PBXFileReference; lastKnownFileType = sourcecode.swift; path = ParstagramUITests.swift; sourceTree = "<group>"; };
		078EDE1825440053000462E2 /* Info.plist */ = {isa = PBXFileReference; lastKnownFileType = text.plist.xml; path = Info.plist; sourceTree = "<group>"; };
		07964D8A254402D60071B4DF /* LoginViewController.swift */ = {isa = PBXFileReference; lastKnownFileType = sourcecode.swift; path = LoginViewController.swift; sourceTree = "<group>"; };
		07964D92254402E70071B4DF /* FeedViewController.swift */ = {isa = PBXFileReference; lastKnownFileType = sourcecode.swift; path = FeedViewController.swift; sourceTree = "<group>"; };
		7A60556825AD56F86BC3F801 /* Pods_Parstagram.framework */ = {isa = PBXFileReference; explicitFileType = wrapper.framework; includeInIndex = 0; path = Pods_Parstagram.framework; sourceTree = BUILT_PRODUCTS_DIR; };
		878ADB589E8001A7A58D2BF4 /* Pods-Parstagram.debug.xcconfig */ = {isa = PBXFileReference; includeInIndex = 1; lastKnownFileType = text.xcconfig; name = "Pods-Parstagram.debug.xcconfig"; path = "Target Support Files/Pods-Parstagram/Pods-Parstagram.debug.xcconfig"; sourceTree = "<group>"; };
		88818D4AB33A6831CF69AA6E /* Pods-ParstagramTests.release.xcconfig */ = {isa = PBXFileReference; includeInIndex = 1; lastKnownFileType = text.xcconfig; name = "Pods-ParstagramTests.release.xcconfig"; path = "Target Support Files/Pods-ParstagramTests/Pods-ParstagramTests.release.xcconfig"; sourceTree = "<group>"; };
		9212BA54B8F28255AFE0674F /* Pods-Parstagram-ParstagramUITests.release.xcconfig */ = {isa = PBXFileReference; includeInIndex = 1; lastKnownFileType = text.xcconfig; name = "Pods-Parstagram-ParstagramUITests.release.xcconfig"; path = "Target Support Files/Pods-Parstagram-ParstagramUITests/Pods-Parstagram-ParstagramUITests.release.xcconfig"; sourceTree = "<group>"; };
		930C1CE97E1E78C015A1101C /* Pods-ParstagramTests.debug.xcconfig */ = {isa = PBXFileReference; includeInIndex = 1; lastKnownFileType = text.xcconfig; name = "Pods-ParstagramTests.debug.xcconfig"; path = "Target Support Files/Pods-ParstagramTests/Pods-ParstagramTests.debug.xcconfig"; sourceTree = "<group>"; };
		C03F06BF00DF0C98838B5CD5 /* Pods-Parstagram.release.xcconfig */ = {isa = PBXFileReference; includeInIndex = 1; lastKnownFileType = text.xcconfig; name = "Pods-Parstagram.release.xcconfig"; path = "Target Support Files/Pods-Parstagram/Pods-Parstagram.release.xcconfig"; sourceTree = "<group>"; };
		C45727A10B1CF3813FA73383 /* Pods_Parstagram_ParstagramUITests.framework */ = {isa = PBXFileReference; explicitFileType = wrapper.framework; includeInIndex = 0; path = Pods_Parstagram_ParstagramUITests.framework; sourceTree = BUILT_PRODUCTS_DIR; };
		C7F4CE17BC6C3C651392F3FD /* Pods_ParstagramTests.framework */ = {isa = PBXFileReference; explicitFileType = wrapper.framework; includeInIndex = 0; path = Pods_ParstagramTests.framework; sourceTree = BUILT_PRODUCTS_DIR; };
		F135F8C4B2926ED46B7646C0 /* Pods-Parstagram-ParstagramUITests.debug.xcconfig */ = {isa = PBXFileReference; includeInIndex = 1; lastKnownFileType = text.xcconfig; name = "Pods-Parstagram-ParstagramUITests.debug.xcconfig"; path = "Target Support Files/Pods-Parstagram-ParstagramUITests/Pods-Parstagram-ParstagramUITests.debug.xcconfig"; sourceTree = "<group>"; };
/* End PBXFileReference section */

/* Begin PBXFrameworksBuildPhase section */
		078EDDEE25440052000462E2 /* Frameworks */ = {
			isa = PBXFrameworksBuildPhase;
			buildActionMask = 2147483647;
			files = (
				F71433FBD50AFD1CAAA27F45 /* Pods_Parstagram.framework in Frameworks */,
			);
			runOnlyForDeploymentPostprocessing = 0;
		};
		078EDE0425440053000462E2 /* Frameworks */ = {
			isa = PBXFrameworksBuildPhase;
			buildActionMask = 2147483647;
			files = (
				0702C751238B2557F5074F71 /* Pods_ParstagramTests.framework in Frameworks */,
			);
			runOnlyForDeploymentPostprocessing = 0;
		};
		078EDE0F25440053000462E2 /* Frameworks */ = {
			isa = PBXFrameworksBuildPhase;
			buildActionMask = 2147483647;
			files = (
				95E19FFDB94662C5B5638F71 /* Pods_Parstagram_ParstagramUITests.framework in Frameworks */,
			);
			runOnlyForDeploymentPostprocessing = 0;
		};
/* End PBXFrameworksBuildPhase section */

/* Begin PBXGroup section */
		078EDDE825440052000462E2 = {
			isa = PBXGroup;
			children = (
				078EDDF325440052000462E2 /* Parstagram */,
				078EDE0A25440053000462E2 /* ParstagramTests */,
				078EDE1525440053000462E2 /* ParstagramUITests */,
				078EDDF225440052000462E2 /* Products */,
				1F7E1F9BDB6415D1E2D07FB7 /* Pods */,
				32660BA37E797E5DA48FDFCB /* Frameworks */,
			);
			sourceTree = "<group>";
		};
		078EDDF225440052000462E2 /* Products */ = {
			isa = PBXGroup;
			children = (
				078EDDF125440052000462E2 /* Parstagram.app */,
				078EDE0725440053000462E2 /* ParstagramTests.xctest */,
				078EDE1225440053000462E2 /* ParstagramUITests.xctest */,
			);
			name = Products;
			sourceTree = "<group>";
		};
		078EDDF325440052000462E2 /* Parstagram */ = {
			isa = PBXGroup;
			children = (
				078EDDF425440052000462E2 /* AppDelegate.swift */,
				078EDDF625440052000462E2 /* SceneDelegate.swift */,
				078EDDFA25440052000462E2 /* Main.storyboard */,
				078EDDFD25440053000462E2 /* Assets.xcassets */,
				078EDDFF25440053000462E2 /* LaunchScreen.storyboard */,
				078EDE0225440053000462E2 /* Info.plist */,
				07964D8A254402D60071B4DF /* LoginViewController.swift */,
				07964D92254402E70071B4DF /* FeedViewController.swift */,
				0721E78725440863009CBDFA /* CameraViewController.swift */,
				0721E79725441592009CBDFA /* PostCell.swift */,
			);
			path = Parstagram;
			sourceTree = "<group>";
		};
		078EDE0A25440053000462E2 /* ParstagramTests */ = {
			isa = PBXGroup;
			children = (
				078EDE0B25440053000462E2 /* ParstagramTests.swift */,
				078EDE0D25440053000462E2 /* Info.plist */,
			);
			path = ParstagramTests;
			sourceTree = "<group>";
		};
		078EDE1525440053000462E2 /* ParstagramUITests */ = {
			isa = PBXGroup;
			children = (
				078EDE1625440053000462E2 /* ParstagramUITests.swift */,
				078EDE1825440053000462E2 /* Info.plist */,
			);
			path = ParstagramUITests;
			sourceTree = "<group>";
		};
		1F7E1F9BDB6415D1E2D07FB7 /* Pods */ = {
			isa = PBXGroup;
			children = (
				878ADB589E8001A7A58D2BF4 /* Pods-Parstagram.debug.xcconfig */,
				C03F06BF00DF0C98838B5CD5 /* Pods-Parstagram.release.xcconfig */,
				F135F8C4B2926ED46B7646C0 /* Pods-Parstagram-ParstagramUITests.debug.xcconfig */,
				9212BA54B8F28255AFE0674F /* Pods-Parstagram-ParstagramUITests.release.xcconfig */,
				930C1CE97E1E78C015A1101C /* Pods-ParstagramTests.debug.xcconfig */,
				88818D4AB33A6831CF69AA6E /* Pods-ParstagramTests.release.xcconfig */,
			);
			path = Pods;
			sourceTree = "<group>";
		};
		32660BA37E797E5DA48FDFCB /* Frameworks */ = {
			isa = PBXGroup;
			children = (
				7A60556825AD56F86BC3F801 /* Pods_Parstagram.framework */,
				C45727A10B1CF3813FA73383 /* Pods_Parstagram_ParstagramUITests.framework */,
				C7F4CE17BC6C3C651392F3FD /* Pods_ParstagramTests.framework */,
			);
			name = Frameworks;
			sourceTree = "<group>";
		};
/* End PBXGroup section */

/* Begin PBXNativeTarget section */
		078EDDF025440052000462E2 /* Parstagram */ = {
			isa = PBXNativeTarget;
			buildConfigurationList = 078EDE1B25440053000462E2 /* Build configuration list for PBXNativeTarget "Parstagram" */;
			buildPhases = (
				E944222904AA6400B03DBAD9 /* [CP] Check Pods Manifest.lock */,
				078EDDED25440052000462E2 /* Sources */,
				078EDDEE25440052000462E2 /* Frameworks */,
				078EDDEF25440052000462E2 /* Resources */,
				02C6DFF96B7EC42361AB460B /* [CP] Embed Pods Frameworks */,
			);
			buildRules = (
			);
			dependencies = (
			);
			name = Parstagram;
			productName = Parstagram;
			productReference = 078EDDF125440052000462E2 /* Parstagram.app */;
			productType = "com.apple.product-type.application";
		};
		078EDE0625440053000462E2 /* ParstagramTests */ = {
			isa = PBXNativeTarget;
			buildConfigurationList = 078EDE1E25440053000462E2 /* Build configuration list for PBXNativeTarget "ParstagramTests" */;
			buildPhases = (
				5A881B63EA3B548BE0EF0520 /* [CP] Check Pods Manifest.lock */,
				078EDE0325440053000462E2 /* Sources */,
				078EDE0425440053000462E2 /* Frameworks */,
				078EDE0525440053000462E2 /* Resources */,
			);
			buildRules = (
			);
			dependencies = (
				078EDE0925440053000462E2 /* PBXTargetDependency */,
			);
			name = ParstagramTests;
			productName = ParstagramTests;
			productReference = 078EDE0725440053000462E2 /* ParstagramTests.xctest */;
			productType = "com.apple.product-type.bundle.unit-test";
		};
		078EDE1125440053000462E2 /* ParstagramUITests */ = {
			isa = PBXNativeTarget;
			buildConfigurationList = 078EDE2125440053000462E2 /* Build configuration list for PBXNativeTarget "ParstagramUITests" */;
			buildPhases = (
				F1A678F671579CE00BF7313E /* [CP] Check Pods Manifest.lock */,
				078EDE0E25440053000462E2 /* Sources */,
				078EDE0F25440053000462E2 /* Frameworks */,
				078EDE1025440053000462E2 /* Resources */,
				15EB374EDFF4BD336E8EF9A2 /* [CP] Embed Pods Frameworks */,
			);
			buildRules = (
			);
			dependencies = (
				078EDE1425440053000462E2 /* PBXTargetDependency */,
			);
			name = ParstagramUITests;
			productName = ParstagramUITests;
			productReference = 078EDE1225440053000462E2 /* ParstagramUITests.xctest */;
			productType = "com.apple.product-type.bundle.ui-testing";
		};
/* End PBXNativeTarget section */

/* Begin PBXProject section */
		078EDDE925440052000462E2 /* Project object */ = {
			isa = PBXProject;
			attributes = {
				LastSwiftUpdateCheck = 1210;
				LastUpgradeCheck = 1210;
				TargetAttributes = {
					078EDDF025440052000462E2 = {
						CreatedOnToolsVersion = 12.1;
					};
					078EDE0625440053000462E2 = {
						CreatedOnToolsVersion = 12.1;
						TestTargetID = 078EDDF025440052000462E2;
					};
					078EDE1125440053000462E2 = {
						CreatedOnToolsVersion = 12.1;
						TestTargetID = 078EDDF025440052000462E2;
					};
				};
			};
			buildConfigurationList = 078EDDEC25440052000462E2 /* Build configuration list for PBXProject "Parstagram" */;
			compatibilityVersion = "Xcode 9.3";
			developmentRegion = en;
			hasScannedForEncodings = 0;
			knownRegions = (
				en,
				Base,
			);
			mainGroup = 078EDDE825440052000462E2;
			productRefGroup = 078EDDF225440052000462E2 /* Products */;
			projectDirPath = "";
			projectRoot = "";
			targets = (
				078EDDF025440052000462E2 /* Parstagram */,
				078EDE0625440053000462E2 /* ParstagramTests */,
				078EDE1125440053000462E2 /* ParstagramUITests */,
			);
		};
/* End PBXProject section */

/* Begin PBXResourcesBuildPhase section */
		078EDDEF25440052000462E2 /* Resources */ = {
			isa = PBXResourcesBuildPhase;
			buildActionMask = 2147483647;
			files = (
				078EDE0125440053000462E2 /* LaunchScreen.storyboard in Resources */,
				078EDDFE25440053000462E2 /* Assets.xcassets in Resources */,
				078EDDFC25440052000462E2 /* Main.storyboard in Resources */,
			);
			runOnlyForDeploymentPostprocessing = 0;
		};
		078EDE0525440053000462E2 /* Resources */ = {
			isa = PBXResourcesBuildPhase;
			buildActionMask = 2147483647;
			files = (
			);
			runOnlyForDeploymentPostprocessing = 0;
		};
		078EDE1025440053000462E2 /* Resources */ = {
			isa = PBXResourcesBuildPhase;
			buildActionMask = 2147483647;
			files = (
			);
			runOnlyForDeploymentPostprocessing = 0;
		};
/* End PBXResourcesBuildPhase section */

/* Begin PBXShellScriptBuildPhase section */
		02C6DFF96B7EC42361AB460B /* [CP] Embed Pods Frameworks */ = {
			isa = PBXShellScriptBuildPhase;
			buildActionMask = 2147483647;
			files = (
			);
			inputFileListPaths = (
				"${PODS_ROOT}/Target Support Files/Pods-Parstagram/Pods-Parstagram-frameworks-${CONFIGURATION}-input-files.xcfilelist",
			);
			name = "[CP] Embed Pods Frameworks";
			outputFileListPaths = (
				"${PODS_ROOT}/Target Support Files/Pods-Parstagram/Pods-Parstagram-frameworks-${CONFIGURATION}-output-files.xcfilelist",
			);
			runOnlyForDeploymentPostprocessing = 0;
			shellPath = /bin/sh;
			shellScript = "\"${PODS_ROOT}/Target Support Files/Pods-Parstagram/Pods-Parstagram-frameworks.sh\"\n";
			showEnvVarsInLog = 0;
		};
		15EB374EDFF4BD336E8EF9A2 /* [CP] Embed Pods Frameworks */ = {
			isa = PBXShellScriptBuildPhase;
			buildActionMask = 2147483647;
			files = (
			);
			inputFileListPaths = (
				"${PODS_ROOT}/Target Support Files/Pods-Parstagram-ParstagramUITests/Pods-Parstagram-ParstagramUITests-frameworks-${CONFIGURATION}-input-files.xcfilelist",
			);
			name = "[CP] Embed Pods Frameworks";
			outputFileListPaths = (
				"${PODS_ROOT}/Target Support Files/Pods-Parstagram-ParstagramUITests/Pods-Parstagram-ParstagramUITests-frameworks-${CONFIGURATION}-output-files.xcfilelist",
			);
			runOnlyForDeploymentPostprocessing = 0;
			shellPath = /bin/sh;
			shellScript = "\"${PODS_ROOT}/Target Support Files/Pods-Parstagram-ParstagramUITests/Pods-Parstagram-ParstagramUITests-frameworks.sh\"\n";
			showEnvVarsInLog = 0;
		};
		5A881B63EA3B548BE0EF0520 /* [CP] Check Pods Manifest.lock */ = {
			isa = PBXShellScriptBuildPhase;
			buildActionMask = 2147483647;
			files = (
			);
			inputFileListPaths = (
			);
			inputPaths = (
				"${PODS_PODFILE_DIR_PATH}/Podfile.lock",
				"${PODS_ROOT}/Manifest.lock",
			);
			name = "[CP] Check Pods Manifest.lock";
			outputFileListPaths = (
			);
			outputPaths = (
				"$(DERIVED_FILE_DIR)/Pods-ParstagramTests-checkManifestLockResult.txt",
			);
			runOnlyForDeploymentPostprocessing = 0;
			shellPath = /bin/sh;
			shellScript = "diff \"${PODS_PODFILE_DIR_PATH}/Podfile.lock\" \"${PODS_ROOT}/Manifest.lock\" > /dev/null\nif [ $? != 0 ] ; then\n    # print error to STDERR\n    echo \"error: The sandbox is not in sync with the Podfile.lock. Run 'pod install' or update your CocoaPods installation.\" >&2\n    exit 1\nfi\n# This output is used by Xcode 'outputs' to avoid re-running this script phase.\necho \"SUCCESS\" > \"${SCRIPT_OUTPUT_FILE_0}\"\n";
			showEnvVarsInLog = 0;
		};
		E944222904AA6400B03DBAD9 /* [CP] Check Pods Manifest.lock */ = {
			isa = PBXShellScriptBuildPhase;
			buildActionMask = 2147483647;
			files = (
			);
			inputFileListPaths = (
			);
			inputPaths = (
				"${PODS_PODFILE_DIR_PATH}/Podfile.lock",
				"${PODS_ROOT}/Manifest.lock",
			);
			name = "[CP] Check Pods Manifest.lock";
			outputFileListPaths = (
			);
			outputPaths = (
				"$(DERIVED_FILE_DIR)/Pods-Parstagram-checkManifestLockResult.txt",
			);
			runOnlyForDeploymentPostprocessing = 0;
			shellPath = /bin/sh;
			shellScript = "diff \"${PODS_PODFILE_DIR_PATH}/Podfile.lock\" \"${PODS_ROOT}/Manifest.lock\" > /dev/null\nif [ $? != 0 ] ; then\n    # print error to STDERR\n    echo \"error: The sandbox is not in sync with the Podfile.lock. Run 'pod install' or update your CocoaPods installation.\" >&2\n    exit 1\nfi\n# This output is used by Xcode 'outputs' to avoid re-running this script phase.\necho \"SUCCESS\" > \"${SCRIPT_OUTPUT_FILE_0}\"\n";
			showEnvVarsInLog = 0;
		};
		F1A678F671579CE00BF7313E /* [CP] Check Pods Manifest.lock */ = {
			isa = PBXShellScriptBuildPhase;
			buildActionMask = 2147483647;
			files = (
			);
			inputFileListPaths = (
			);
			inputPaths = (
				"${PODS_PODFILE_DIR_PATH}/Podfile.lock",
				"${PODS_ROOT}/Manifest.lock",
			);
			name = "[CP] Check Pods Manifest.lock";
			outputFileListPaths = (
			);
			outputPaths = (
				"$(DERIVED_FILE_DIR)/Pods-Parstagram-ParstagramUITests-checkManifestLockResult.txt",
			);
			runOnlyForDeploymentPostprocessing = 0;
			shellPath = /bin/sh;
			shellScript = "diff \"${PODS_PODFILE_DIR_PATH}/Podfile.lock\" \"${PODS_ROOT}/Manifest.lock\" > /dev/null\nif [ $? != 0 ] ; then\n    # print error to STDERR\n    echo \"error: The sandbox is not in sync with the Podfile.lock. Run 'pod install' or update your CocoaPods installation.\" >&2\n    exit 1\nfi\n# This output is used by Xcode 'outputs' to avoid re-running this script phase.\necho \"SUCCESS\" > \"${SCRIPT_OUTPUT_FILE_0}\"\n";
			showEnvVarsInLog = 0;
		};
/* End PBXShellScriptBuildPhase section */

/* Begin PBXSourcesBuildPhase section */
		078EDDED25440052000462E2 /* Sources */ = {
			isa = PBXSourcesBuildPhase;
			buildActionMask = 2147483647;
			files = (
				07964D8B254402D60071B4DF /* LoginViewController.swift in Sources */,
				0721E78825440863009CBDFA /* CameraViewController.swift in Sources */,
				078EDDF525440052000462E2 /* AppDelegate.swift in Sources */,
				07964D93254402E70071B4DF /* FeedViewController.swift in Sources */,
				078EDDF725440052000462E2 /* SceneDelegate.swift in Sources */,
				0721E79825441592009CBDFA /* PostCell.swift in Sources */,
			);
			runOnlyForDeploymentPostprocessing = 0;
		};
		078EDE0325440053000462E2 /* Sources */ = {
			isa = PBXSourcesBuildPhase;
			buildActionMask = 2147483647;
			files = (
				078EDE0C25440053000462E2 /* ParstagramTests.swift in Sources */,
			);
			runOnlyForDeploymentPostprocessing = 0;
		};
		078EDE0E25440053000462E2 /* Sources */ = {
			isa = PBXSourcesBuildPhase;
			buildActionMask = 2147483647;
			files = (
				078EDE1725440053000462E2 /* ParstagramUITests.swift in Sources */,
			);
			runOnlyForDeploymentPostprocessing = 0;
		};
/* End PBXSourcesBuildPhase section */

/* Begin PBXTargetDependency section */
		078EDE0925440053000462E2 /* PBXTargetDependency */ = {
			isa = PBXTargetDependency;
			target = 078EDDF025440052000462E2 /* Parstagram */;
			targetProxy = 078EDE0825440053000462E2 /* PBXContainerItemProxy */;
		};
		078EDE1425440053000462E2 /* PBXTargetDependency */ = {
			isa = PBXTargetDependency;
			target = 078EDDF025440052000462E2 /* Parstagram */;
			targetProxy = 078EDE1325440053000462E2 /* PBXContainerItemProxy */;
		};
/* End PBXTargetDependency section */

/* Begin PBXVariantGroup section */
		078EDDFA25440052000462E2 /* Main.storyboard */ = {
			isa = PBXVariantGroup;
			children = (
				078EDDFB25440052000462E2 /* Base */,
			);
			name = Main.storyboard;
			sourceTree = "<group>";
		};
		078EDDFF25440053000462E2 /* LaunchScreen.storyboard */ = {
			isa = PBXVariantGroup;
			children = (
				078EDE0025440053000462E2 /* Base */,
			);
			name = LaunchScreen.storyboard;
			sourceTree = "<group>";
		};
/* End PBXVariantGroup section */

/* Begin XCBuildConfiguration section */
		078EDE1925440053000462E2 /* Debug */ = {
			isa = XCBuildConfiguration;
			buildSettings = {
				ALWAYS_SEARCH_USER_PATHS = NO;
				CLANG_ANALYZER_NONNULL = YES;
				CLANG_ANALYZER_NUMBER_OBJECT_CONVERSION = YES_AGGRESSIVE;
				CLANG_CXX_LANGUAGE_STANDARD = "gnu++14";
				CLANG_CXX_LIBRARY = "libc++";
				CLANG_ENABLE_MODULES = YES;
				CLANG_ENABLE_OBJC_ARC = YES;
				CLANG_ENABLE_OBJC_WEAK = YES;
				CLANG_WARN_BLOCK_CAPTURE_AUTORELEASING = YES;
				CLANG_WARN_BOOL_CONVERSION = YES;
				CLANG_WARN_COMMA = YES;
				CLANG_WARN_CONSTANT_CONVERSION = YES;
				CLANG_WARN_DEPRECATED_OBJC_IMPLEMENTATIONS = YES;
				CLANG_WARN_DIRECT_OBJC_ISA_USAGE = YES_ERROR;
				CLANG_WARN_DOCUMENTATION_COMMENTS = YES;
				CLANG_WARN_EMPTY_BODY = YES;
				CLANG_WARN_ENUM_CONVERSION = YES;
				CLANG_WARN_INFINITE_RECURSION = YES;
				CLANG_WARN_INT_CONVERSION = YES;
				CLANG_WARN_NON_LITERAL_NULL_CONVERSION = YES;
				CLANG_WARN_OBJC_IMPLICIT_RETAIN_SELF = YES;
				CLANG_WARN_OBJC_LITERAL_CONVERSION = YES;
				CLANG_WARN_OBJC_ROOT_CLASS = YES_ERROR;
				CLANG_WARN_QUOTED_INCLUDE_IN_FRAMEWORK_HEADER = YES;
				CLANG_WARN_RANGE_LOOP_ANALYSIS = YES;
				CLANG_WARN_STRICT_PROTOTYPES = YES;
				CLANG_WARN_SUSPICIOUS_MOVE = YES;
				CLANG_WARN_UNGUARDED_AVAILABILITY = YES_AGGRESSIVE;
				CLANG_WARN_UNREACHABLE_CODE = YES;
				CLANG_WARN__DUPLICATE_METHOD_MATCH = YES;
				COPY_PHASE_STRIP = NO;
				DEBUG_INFORMATION_FORMAT = dwarf;
				ENABLE_STRICT_OBJC_MSGSEND = YES;
				ENABLE_TESTABILITY = YES;
				GCC_C_LANGUAGE_STANDARD = gnu11;
				GCC_DYNAMIC_NO_PIC = NO;
				GCC_NO_COMMON_BLOCKS = YES;
				GCC_OPTIMIZATION_LEVEL = 0;
				GCC_PREPROCESSOR_DEFINITIONS = (
					"DEBUG=1",
					"$(inherited)",
				);
				GCC_WARN_64_TO_32_BIT_CONVERSION = YES;
				GCC_WARN_ABOUT_RETURN_TYPE = YES_ERROR;
				GCC_WARN_UNDECLARED_SELECTOR = YES;
				GCC_WARN_UNINITIALIZED_AUTOS = YES_AGGRESSIVE;
				GCC_WARN_UNUSED_FUNCTION = YES;
				GCC_WARN_UNUSED_VARIABLE = YES;
				IPHONEOS_DEPLOYMENT_TARGET = 14.1;
				MTL_ENABLE_DEBUG_INFO = INCLUDE_SOURCE;
				MTL_FAST_MATH = YES;
				ONLY_ACTIVE_ARCH = YES;
				SDKROOT = iphoneos;
				SWIFT_ACTIVE_COMPILATION_CONDITIONS = DEBUG;
				SWIFT_OPTIMIZATION_LEVEL = "-Onone";
			};
			name = Debug;
		};
		078EDE1A25440053000462E2 /* Release */ = {
			isa = XCBuildConfiguration;
			buildSettings = {
				ALWAYS_SEARCH_USER_PATHS = NO;
				CLANG_ANALYZER_NONNULL = YES;
				CLANG_ANALYZER_NUMBER_OBJECT_CONVERSION = YES_AGGRESSIVE;
				CLANG_CXX_LANGUAGE_STANDARD = "gnu++14";
				CLANG_CXX_LIBRARY = "libc++";
				CLANG_ENABLE_MODULES = YES;
				CLANG_ENABLE_OBJC_ARC = YES;
				CLANG_ENABLE_OBJC_WEAK = YES;
				CLANG_WARN_BLOCK_CAPTURE_AUTORELEASING = YES;
				CLANG_WARN_BOOL_CONVERSION = YES;
				CLANG_WARN_COMMA = YES;
				CLANG_WARN_CONSTANT_CONVERSION = YES;
				CLANG_WARN_DEPRECATED_OBJC_IMPLEMENTATIONS = YES;
				CLANG_WARN_DIRECT_OBJC_ISA_USAGE = YES_ERROR;
				CLANG_WARN_DOCUMENTATION_COMMENTS = YES;
				CLANG_WARN_EMPTY_BODY = YES;
				CLANG_WARN_ENUM_CONVERSION = YES;
				CLANG_WARN_INFINITE_RECURSION = YES;
				CLANG_WARN_INT_CONVERSION = YES;
				CLANG_WARN_NON_LITERAL_NULL_CONVERSION = YES;
				CLANG_WARN_OBJC_IMPLICIT_RETAIN_SELF = YES;
				CLANG_WARN_OBJC_LITERAL_CONVERSION = YES;
				CLANG_WARN_OBJC_ROOT_CLASS = YES_ERROR;
				CLANG_WARN_QUOTED_INCLUDE_IN_FRAMEWORK_HEADER = YES;
				CLANG_WARN_RANGE_LOOP_ANALYSIS = YES;
				CLANG_WARN_STRICT_PROTOTYPES = YES;
				CLANG_WARN_SUSPICIOUS_MOVE = YES;
				CLANG_WARN_UNGUARDED_AVAILABILITY = YES_AGGRESSIVE;
				CLANG_WARN_UNREACHABLE_CODE = YES;
				CLANG_WARN__DUPLICATE_METHOD_MATCH = YES;
				COPY_PHASE_STRIP = NO;
				DEBUG_INFORMATION_FORMAT = "dwarf-with-dsym";
				ENABLE_NS_ASSERTIONS = NO;
				ENABLE_STRICT_OBJC_MSGSEND = YES;
				GCC_C_LANGUAGE_STANDARD = gnu11;
				GCC_NO_COMMON_BLOCKS = YES;
				GCC_WARN_64_TO_32_BIT_CONVERSION = YES;
				GCC_WARN_ABOUT_RETURN_TYPE = YES_ERROR;
				GCC_WARN_UNDECLARED_SELECTOR = YES;
				GCC_WARN_UNINITIALIZED_AUTOS = YES_AGGRESSIVE;
				GCC_WARN_UNUSED_FUNCTION = YES;
				GCC_WARN_UNUSED_VARIABLE = YES;
				IPHONEOS_DEPLOYMENT_TARGET = 14.1;
				MTL_ENABLE_DEBUG_INFO = NO;
				MTL_FAST_MATH = YES;
				SDKROOT = iphoneos;
				SWIFT_COMPILATION_MODE = wholemodule;
				SWIFT_OPTIMIZATION_LEVEL = "-O";
				VALIDATE_PRODUCT = YES;
			};
			name = Release;
		};
		078EDE1C25440053000462E2 /* Debug */ = {
			isa = XCBuildConfiguration;
			baseConfigurationReference = 878ADB589E8001A7A58D2BF4 /* Pods-Parstagram.debug.xcconfig */;
			buildSettings = {
				ASSETCATALOG_COMPILER_APPICON_NAME = AppIcon;
				ASSETCATALOG_COMPILER_GLOBAL_ACCENT_COLOR_NAME = AccentColor;
				CODE_SIGN_STYLE = Automatic;
				INFOPLIST_FILE = Parstagram/Info.plist;
				LD_RUNPATH_SEARCH_PATHS = (
					"$(inherited)",
					"@executable_path/Frameworks",
				);
				PRODUCT_BUNDLE_IDENTIFIER = shulim.Parstagram;
				PRODUCT_NAME = "$(TARGET_NAME)";
				SWIFT_VERSION = 5.0;
				TARGETED_DEVICE_FAMILY = "1,2";
			};
			name = Debug;
		};
		078EDE1D25440053000462E2 /* Release */ = {
			isa = XCBuildConfiguration;
			baseConfigurationReference = C03F06BF00DF0C98838B5CD5 /* Pods-Parstagram.release.xcconfig */;
			buildSettings = {
				ASSETCATALOG_COMPILER_APPICON_NAME = AppIcon;
				ASSETCATALOG_COMPILER_GLOBAL_ACCENT_COLOR_NAME = AccentColor;
				CODE_SIGN_STYLE = Automatic;
				INFOPLIST_FILE = Parstagram/Info.plist;
				LD_RUNPATH_SEARCH_PATHS = (
					"$(inherited)",
					"@executable_path/Frameworks",
				);
				PRODUCT_BUNDLE_IDENTIFIER = shulim.Parstagram;
				PRODUCT_NAME = "$(TARGET_NAME)";
				SWIFT_VERSION = 5.0;
				TARGETED_DEVICE_FAMILY = "1,2";
			};
			name = Release;
		};
		078EDE1F25440053000462E2 /* Debug */ = {
			isa = XCBuildConfiguration;
			baseConfigurationReference = 930C1CE97E1E78C015A1101C /* Pods-ParstagramTests.debug.xcconfig */;
			buildSettings = {
				ALWAYS_EMBED_SWIFT_STANDARD_LIBRARIES = YES;
				BUNDLE_LOADER = "$(TEST_HOST)";
				CODE_SIGN_STYLE = Automatic;
				INFOPLIST_FILE = ParstagramTests/Info.plist;
				IPHONEOS_DEPLOYMENT_TARGET = 14.1;
				LD_RUNPATH_SEARCH_PATHS = (
					"$(inherited)",
					"@executable_path/Frameworks",
					"@loader_path/Frameworks",
				);
				PRODUCT_BUNDLE_IDENTIFIER = shulim.ParstagramTests;
				PRODUCT_NAME = "$(TARGET_NAME)";
				SWIFT_VERSION = 5.0;
				TARGETED_DEVICE_FAMILY = "1,2";
				TEST_HOST = "$(BUILT_PRODUCTS_DIR)/Parstagram.app/Parstagram";
			};
			name = Debug;
		};
		078EDE2025440053000462E2 /* Release */ = {
			isa = XCBuildConfiguration;
			baseConfigurationReference = 88818D4AB33A6831CF69AA6E /* Pods-ParstagramTests.release.xcconfig */;
			buildSettings = {
				ALWAYS_EMBED_SWIFT_STANDARD_LIBRARIES = YES;
				BUNDLE_LOADER = "$(TEST_HOST)";
				CODE_SIGN_STYLE = Automatic;
				INFOPLIST_FILE = ParstagramTests/Info.plist;
				IPHONEOS_DEPLOYMENT_TARGET = 14.1;
				LD_RUNPATH_SEARCH_PATHS = (
					"$(inherited)",
					"@executable_path/Frameworks",
					"@loader_path/Frameworks",
				);
				PRODUCT_BUNDLE_IDENTIFIER = shulim.ParstagramTests;
				PRODUCT_NAME = "$(TARGET_NAME)";
				SWIFT_VERSION = 5.0;
				TARGETED_DEVICE_FAMILY = "1,2";
				TEST_HOST = "$(BUILT_PRODUCTS_DIR)/Parstagram.app/Parstagram";
			};
			name = Release;
		};
		078EDE2225440053000462E2 /* Debug */ = {
			isa = XCBuildConfiguration;
			baseConfigurationReference = F135F8C4B2926ED46B7646C0 /* Pods-Parstagram-ParstagramUITests.debug.xcconfig */;
			buildSettings = {
				ALWAYS_EMBED_SWIFT_STANDARD_LIBRARIES = YES;
				CODE_SIGN_STYLE = Automatic;
				INFOPLIST_FILE = ParstagramUITests/Info.plist;
				LD_RUNPATH_SEARCH_PATHS = (
					"$(inherited)",
					"@executable_path/Frameworks",
					"@loader_path/Frameworks",
				);
				PRODUCT_BUNDLE_IDENTIFIER = shulim.ParstagramUITests;
				PRODUCT_NAME = "$(TARGET_NAME)";
				SWIFT_VERSION = 5.0;
				TARGETED_DEVICE_FAMILY = "1,2";
				TEST_TARGET_NAME = Parstagram;
			};
			name = Debug;
		};
		078EDE2325440053000462E2 /* Release */ = {
			isa = XCBuildConfiguration;
			baseConfigurationReference = 9212BA54B8F28255AFE0674F /* Pods-Parstagram-ParstagramUITests.release.xcconfig */;
			buildSettings = {
				ALWAYS_EMBED_SWIFT_STANDARD_LIBRARIES = YES;
				CODE_SIGN_STYLE = Automatic;
				INFOPLIST_FILE = ParstagramUITests/Info.plist;
				LD_RUNPATH_SEARCH_PATHS = (
					"$(inherited)",
					"@executable_path/Frameworks",
					"@loader_path/Frameworks",
				);
				PRODUCT_BUNDLE_IDENTIFIER = shulim.ParstagramUITests;
				PRODUCT_NAME = "$(TARGET_NAME)";
				SWIFT_VERSION = 5.0;
				TARGETED_DEVICE_FAMILY = "1,2";
				TEST_TARGET_NAME = Parstagram;
			};
			name = Release;
		};
/* End XCBuildConfiguration section */

/* Begin XCConfigurationList section */
		078EDDEC25440052000462E2 /* Build configuration list for PBXProject "Parstagram" */ = {
			isa = XCConfigurationList;
			buildConfigurations = (
				078EDE1925440053000462E2 /* Debug */,
				078EDE1A25440053000462E2 /* Release */,
			);
			defaultConfigurationIsVisible = 0;
			defaultConfigurationName = Release;
		};
		078EDE1B25440053000462E2 /* Build configuration list for PBXNativeTarget "Parstagram" */ = {
			isa = XCConfigurationList;
			buildConfigurations = (
				078EDE1C25440053000462E2 /* Debug */,
				078EDE1D25440053000462E2 /* Release */,
			);
			defaultConfigurationIsVisible = 0;
			defaultConfigurationName = Release;
		};
		078EDE1E25440053000462E2 /* Build configuration list for PBXNativeTarget "ParstagramTests" */ = {
			isa = XCConfigurationList;
			buildConfigurations = (
				078EDE1F25440053000462E2 /* Debug */,
				078EDE2025440053000462E2 /* Release */,
			);
			defaultConfigurationIsVisible = 0;
			defaultConfigurationName = Release;
		};
		078EDE2125440053000462E2 /* Build configuration list for PBXNativeTarget "ParstagramUITests" */ = {
			isa = XCConfigurationList;
			buildConfigurations = (
				078EDE2225440053000462E2 /* Debug */,
				078EDE2325440053000462E2 /* Release */,
			);
			defaultConfigurationIsVisible = 0;
			defaultConfigurationName = Release;
		};
/* End XCConfigurationList section */
	};
	rootObject = 078EDDE925440052000462E2 /* Project object */;
}
